
Microsoft Visual Studio Solution File, Format Version 12.00
# Visual Studio Version 17
VisualStudioVersion = 17.7.34221.43
MinimumVisualStudioVersion = 10.0.40219.1
Project("{9A19103F-16F7-4668-BE54-9A1E7A4F7556}") = "RandomGame", "RandomGame\RandomGame.csproj", "{D16F908B-1E43-473C-BF35-2323E9308144}"
EndProject
Project("{2150E333-8FDC-42A3-9474-1A3956D46DE8}") = "Solution Items", "Solution Items", "{DF2BAC39-EB7E-4D9E-922A-B3C8D48A7762}"
	ProjectSection(SolutionItems) = preProject
		.editorconfig = .editorconfig
	EndProjectSection
EndProject
Global
	GlobalSection(SolutionConfigurationPlatforms) = preSolution
		Debug|Any CPU = Debug|Any CPU
		Release|Any CPU = Release|Any CPU
	EndGlobalSection
	GlobalSection(ProjectConfigurationPlatforms) = postSolution
		{D16F908B-1E43-473C-BF35-2323E9308144}.Debug|Any CPU.ActiveCfg = Debug|Any CPU
		{D16F908B-1E43-473C-BF35-2323E9308144}.Debug|Any CPU.Build.0 = Debug|Any CPU
		{D16F908B-1E43-473C-BF35-2323E9308144}.Release|Any CPU.ActiveCfg = Release|Any CPU
		{D16F908B-1E43-473C-BF35-2323E9308144}.Release|Any CPU.Build.0 = Release|Any CPU
	EndGlobalSection
	GlobalSection(SolutionProperties) = preSolution
		HideSolutionNode = FALSE
	EndGlobalSection
	GlobalSection(ExtensibilityGlobals) = postSolution
		SolutionGuid = {44AE7C2F-7C0F-4B73-98F3-68C9E213FBB4}
	EndGlobalSection
EndGlobal
